{
  "nodes": {
    "disko": {
      "inputs": {
        "nixpkgs": [
          "nixpkgs"
        ]
      },
      "locked": {
        "lastModified": 1737038063,
        "narHash": "sha256-rMEuiK69MDhjz1JgbaeQ9mBDXMJ2/P8vmOYRbFndXsk=",
        "owner": "nix-community",
        "repo": "disko",
        "rev": "bf0abfde48f469c256f2b0f481c6281ff04a5db2",
        "type": "github"
      },
      "original": {
        "owner": "nix-community",
        "repo": "disko",
        "type": "github"
      }
    },
    "doom-emacs": {
      "inputs": {
        "doomemacs": "doomemacs",
        "emacs-overlay": "emacs-overlay",
        "nixpkgs": [],
        "systems": "systems"
      },
      "locked": {
        "lastModified": 1737189134,
        "narHash": "sha256-On00k8gk76kiK+LEOq1/+6VaxLuPn4b7kOHtQPI4cRQ=",
        "owner": "marienz",
        "repo": "nix-doom-emacs-unstraightened",
        "rev": "e9f07ad62a068771c8854afb2bc0408fcc17ce39",
        "type": "github"
      },
      "original": {
        "owner": "marienz",
        "repo": "nix-doom-emacs-unstraightened",
        "type": "github"
      }
    },
    "doom-emacs-config": {
      "flake": false,
      "locked": {
        "lastModified": 1736633786,
        "narHash": "sha256-DlU6zWZknSgQI+DPtCmwU2uihhutWSuHgNN1rMkfIag=",
        "owner": "unholynuisance",
        "repo": ".doom.d",
        "rev": "05dcd703ea6548360aa0cab41a1fb70e08350d85",
        "type": "github"
      },
      "original": {
        "owner": "unholynuisance",
        "repo": ".doom.d",
        "type": "github"
      }
    },
    "doomemacs": {
      "flake": false,
      "locked": {
        "lastModified": 1736881038,
        "narHash": "sha256-i0GVHWoIqDcFB9JmEdd9T+qxrEx3ckBlPfTD/yLoNyg=",
        "owner": "doomemacs",
        "repo": "doomemacs",
        "rev": "2bc052425ca45a41532be0648ebd976d1bd2e6c1",
        "type": "github"
      },
      "original": {
        "owner": "doomemacs",
        "repo": "doomemacs",
        "type": "github"
      }
    },
    "emacs-overlay": {
      "inputs": {
        "nixpkgs": [
          "doom-emacs"
        ],
        "nixpkgs-stable": [
          "doom-emacs"
        ]
      },
      "locked": {
        "lastModified": 1737162568,
        "narHash": "sha256-cwgeBqXtMKHoK+627GEGGkbIILxhP/OrqNMQhUp/6dQ=",
        "owner": "nix-community",
        "repo": "emacs-overlay",
        "rev": "ac3dfdca835c5b8f7c27d5dcec2b9c4580299a7c",
        "type": "github"
      },
      "original": {
        "owner": "nix-community",
        "repo": "emacs-overlay",
        "type": "github"
      }
    },
    "flake-compat": {
      "flake": false,
      "locked": {
        "lastModified": 1733328505,
        "narHash": "sha256-NeCCThCEP3eCl2l/+27kNNK7QrwZB1IJCrXfrbv5oqU=",
        "owner": "edolstra",
        "repo": "flake-compat",
        "rev": "ff81ac966bb2cae68946d5ed5fc4994f96d0ffec",
        "type": "github"
      },
      "original": {
        "owner": "edolstra",
        "repo": "flake-compat",
        "type": "github"
      }
    },
    "flake-parts": {
      "inputs": {
        "nixpkgs-lib": "nixpkgs-lib"
      },
      "locked": {
        "lastModified": 1736143030,
        "narHash": "sha256-+hu54pAoLDEZT9pjHlqL9DNzWz0NbUn8NEAHP7PQPzU=",
        "owner": "hercules-ci",
        "repo": "flake-parts",
        "rev": "b905f6fc23a9051a6e1b741e1438dbfc0634c6de",
        "type": "github"
      },
      "original": {
        "owner": "hercules-ci",
        "repo": "flake-parts",
        "type": "github"
      }
    },
    "home-manager": {
      "inputs": {
        "nixpkgs": [
          "nixpkgs"
        ]
      },
      "locked": {
        "lastModified": 1737221749,
        "narHash": "sha256-igllW0yG+UbetvhT11jnt9RppSHXYgMykYhZJeqfHs0=",
        "owner": "nix-community",
        "repo": "home-manager",
        "rev": "97d7946b5e107dd03cc82f21165251d4e0159655",
        "type": "github"
      },
      "original": {
        "owner": "nix-community",
        "repo": "home-manager",
        "type": "github"
      }
    },
    "nixpkgs": {
      "locked": {
        "lastModified": 1737222067,
        "narHash": "sha256-xUYyoBFsqmS0BrFrRtLX5J/0EzE0gVYQrA/kG608BMU=",
        "owner": "unholynuisance",
        "repo": "nixpkgs",
        "rev": "4b8970f71a8eef0293282ff620dd92764ee6d353",
        "type": "github"
      },
      "original": {
        "owner": "unholynuisance",
        "ref": "nixos-unstable",
        "repo": "nixpkgs",
        "type": "github"
      }
    },
    "nixpkgs-lib": {
      "locked": {
        "lastModified": 1735774519,
        "narHash": "sha256-CewEm1o2eVAnoqb6Ml+Qi9Gg/EfNAxbRx1lANGVyoLI=",
        "type": "tarball",
        "url": "https://github.com/NixOS/nixpkgs/archive/e9b51731911566bbf7e4895475a87fe06961de0b.tar.gz"
      },
      "original": {
        "type": "tarball",
        "url": "https://github.com/NixOS/nixpkgs/archive/e9b51731911566bbf7e4895475a87fe06961de0b.tar.gz"
      }
    },
    "nixpkgs-master": {
      "locked": {
        "lastModified": 1737217930,
        "narHash": "sha256-cQ5NJp+I11uNpauiXqef2SlTqgxXIo6ati4rL7dgNcs=",
        "owner": "unholynuisance",
        "repo": "nixpkgs",
        "rev": "2efb5ce46145f527ef3ab35de6104efaafa79687",
        "type": "github"
      },
      "original": {
        "owner": "unholynuisance",
        "ref": "master",
        "repo": "nixpkgs",
        "type": "github"
      }
    },
    "nixpkgs_2": {
      "locked": {
        "lastModified": 1733384649,
        "narHash": "sha256-K5DJ2LpPqht7K76bsxetI+YHhGGRyVteTPRQaIIKJpw=",
        "owner": "NixOS",
        "repo": "nixpkgs",
        "rev": "190c31a89e5eec80dd6604d7f9e5af3802a58a13",
        "type": "github"
      },
      "original": {
        "owner": "NixOS",
        "ref": "nixos-24.05",
        "repo": "nixpkgs",
        "type": "github"
      }
    },
    "root": {
      "inputs": {
        "disko": "disko",
        "doom-emacs": "doom-emacs",
        "doom-emacs-config": "doom-emacs-config",
        "flake-parts": "flake-parts",
        "home-manager": "home-manager",
        "nixpkgs": "nixpkgs",
        "nixpkgs-master": "nixpkgs-master",
        "wsl": "wsl",
        "xkeyboard-config-src": "xkeyboard-config-src"
      }
    },
    "systems": {
      "locked": {
        "lastModified": 1681028828,
        "narHash": "sha256-Vy1rq5AaRuLzOxct8nz4T6wlgyUR7zLU309k9mBC768=",
        "owner": "nix-systems",
        "repo": "default",
        "rev": "da67096a3b9bf56a91d16901293e51ba5b49a27e",
        "type": "github"
      },
      "original": {
        "owner": "nix-systems",
        "repo": "default",
        "type": "github"
      }
    },
    "wsl": {
      "inputs": {
        "flake-compat": "flake-compat",
        "nixpkgs": "nixpkgs_2"
      },
      "locked": {
        "lastModified": 1736095716,
        "narHash": "sha256-csysw/Szu98QDiA2lhWk9seYOyCebeVEWL89zh1cduM=",
        "owner": "nix-community",
        "repo": "nixos-wsl",
        "rev": "63c3b4ed1712a3a0621002cd59bfdc80875ecbb0",
        "type": "github"
      },
      "original": {
        "owner": "nix-community",
        "repo": "nixos-wsl",
        "type": "github"
      }
    },
    "xkeyboard-config-src": {
      "flake": false,
      "locked": {
        "lastModified": 1698089901,
        "narHash": "sha256-vGsAGkRjMUOToO7SkiC9jkm7df24w/c4xLBWEGZezvM=",
        "owner": "unholynuisance",
        "repo": "xkeyboard-config",
        "rev": "29df69034442b7f41ff16bb9aad5574c4f8aae5f",
        "type": "github"
      },
      "original": {
        "owner": "unholynuisance",
        "repo": "xkeyboard-config",
        "type": "github"
      }
    }
  },
  "root": "root",
  "version": 7
}
